// !$*UTF8*$!
{
	archiveVersion = 1;
	classes = {
	};
	objectVersion = 48;
	objects = {

/* Begin PBXBuildFile section */
		3410EF8E20255AE1009AE9D1 /* down_arrow.png in Resources */ = {isa = PBXBuildFile; fileRef = 3410EF8B20255AE1009AE9D1 /* down_arrow.png */; };
		3410EF8F20255AE1009AE9D1 /* down_arrow@3x.png in Resources */ = {isa = PBXBuildFile; fileRef = 3410EF8C20255AE1009AE9D1 /* down_arrow@3x.png */; };
		3410EF9020255AE1009AE9D1 /* down_arrow@2x.png in Resources */ = {isa = PBXBuildFile; fileRef = 3410EF8D20255AE1009AE9D1 /* down_arrow@2x.png */; };
		34F9D92F202404B100950701 /* AppDelegate.swift in Sources */ = {isa = PBXBuildFile; fileRef = 34F9D92E202404B100950701 /* AppDelegate.swift */; };
		34F9D931202404B100950701 /* ViewController.swift in Sources */ = {isa = PBXBuildFile; fileRef = 34F9D930202404B100950701 /* ViewController.swift */; };
		34F9D934202404B100950701 /* Main.storyboard in Resources */ = {isa = PBXBuildFile; fileRef = 34F9D932202404B100950701 /* Main.storyboard */; };
		34F9D936202404B100950701 /* Assets.xcassets in Resources */ = {isa = PBXBuildFile; fileRef = 34F9D935202404B100950701 /* Assets.xcassets */; };
		34F9D939202404B100950701 /* LaunchScreen.storyboard in Resources */ = {isa = PBXBuildFile; fileRef = 34F9D937202404B100950701 /* LaunchScreen.storyboard */; };
		34F9D9412024050700950701 /* QHalfFaceMakeup.swift in Sources */ = {isa = PBXBuildFile; fileRef = 34F9D9402024050700950701 /* QHalfFaceMakeup.swift */; };
/* End PBXBuildFile section */

/* Begin PBXFileReference section */
		3410EF8B20255AE1009AE9D1 /* down_arrow.png */ = {isa = PBXFileReference; lastKnownFileType = image.png; path = down_arrow.png; sourceTree = "<group>"; };
		3410EF8C20255AE1009AE9D1 /* down_arrow@3x.png */ = {isa = PBXFileReference; lastKnownFileType = image.png; path = "down_arrow@3x.png"; sourceTree = "<group>"; };
		3410EF8D20255AE1009AE9D1 /* down_arrow@2x.png */ = {isa = PBXFileReference; lastKnownFileType = image.png; path = "down_arrow@2x.png"; sourceTree = "<group>"; };
		34F9D92B202404B100950701 /* QHalfFaceMakeup.app */ = {isa = PBXFileReference; explicitFileType = wrapper.application; includeInIndex = 0; path = QHalfFaceMakeup.app; sourceTree = BUILT_PRODUCTS_DIR; };
		34F9D92E202404B100950701 /* AppDelegate.swift */ = {isa = PBXFileReference; lastKnownFileType = sourcecode.swift; path = AppDelegate.swift; sourceTree = "<group>"; };
		34F9D930202404B100950701 /* ViewController.swift */ = {isa = PBXFileReference; lastKnownFileType = sourcecode.swift; path = ViewController.swift; sourceTree = "<group>"; };
		34F9D933202404B100950701 /* Base */ = {isa = PBXFileReference; lastKnownFileType = file.storyboard; name = Base; path = Base.lproj/Main.storyboard; sourceTree = "<group>"; };
		34F9D935202404B100950701 /* Assets.xcassets */ = {isa = PBXFileReference; lastKnownFileType = folder.assetcatalog; path = Assets.xcassets; sourceTree = "<group>"; };
		34F9D938202404B100950701 /* Base */ = {isa = PBXFileReference; lastKnownFileType = file.storyboard; name = Base; path = Base.lproj/LaunchScreen.storyboard; sourceTree = "<group>"; };
		34F9D93A202404B100950701 /* Info.plist */ = {isa = PBXFileReference; lastKnownFileType = text.plist.xml; path = Info.plist; sourceTree = "<group>"; };
		34F9D9402024050700950701 /* QHalfFaceMakeup.swift */ = {isa = PBXFileReference; lastKnownFileType = sourcecode.swift; path = QHalfFaceMakeup.swift; sourceTree = "<group>"; };
/* End PBXFileReference section */

/* Begin PBXFrameworksBuildPhase section */
		34F9D928202404B100950701 /* Frameworks */ = {
			isa = PBXFrameworksBuildPhase;
			buildActionMask = 2147483647;
			files = (
			);
			runOnlyForDeploymentPostprocessing = 0;
		};
/* End PBXFrameworksBuildPhase section */

/* Begin PBXGroup section */
		34F9D922202404B000950701 = {
			isa = PBXGroup;
			children = (
				34F9D92D202404B100950701 /* QHalfFaceMakeup */,
				34F9D92C202404B100950701 /* Products */,
			);
			sourceTree = "<group>";
		};
		34F9D92C202404B100950701 /* Products */ = {
			isa = PBXGroup;
			children = (
				34F9D92B202404B100950701 /* QHalfFaceMakeup.app */,
			);
			name = Products;
			sourceTree = "<group>";
		};
		34F9D92D202404B100950701 /* QHalfFaceMakeup */ = {
			isa = PBXGroup;
			children = (
				34F9D92E202404B100950701 /* AppDelegate.swift */,
				34F9D930202404B100950701 /* ViewController.swift */,
				34F9D9402024050700950701 /* QHalfFaceMakeup.swift */,
				3410EF8B20255AE1009AE9D1 /* down_arrow.png */,
				3410EF8D20255AE1009AE9D1 /* down_arrow@2x.png */,
				3410EF8C20255AE1009AE9D1 /* down_arrow@3x.png */,
				34F9D932202404B100950701 /* Main.storyboard */,
				34F9D935202404B100950701 /* Assets.xcassets */,
				34F9D937202404B100950701 /* LaunchScreen.storyboard */,
				34F9D93A202404B100950701 /* Info.plist */,
			);
			path = QHalfFaceMakeup;
			sourceTree = "<group>";
		};
/* End PBXGroup section */

/* Begin PBXNativeTarget section */
		34F9D92A202404B100950701 /* QHalfFaceMakeup */ = {
			isa = PBXNativeTarget;
			buildConfigurationList = 34F9D93D202404B100950701 /* Build configuration list for PBXNativeTarget "QHalfFaceMakeup" */;
			buildPhases = (
				34F9D927202404B100950701 /* Sources */,
				34F9D928202404B100950701 /* Frameworks */,
				34F9D929202404B100950701 /* Resources */,
			);
			buildRules = (
			);
			dependencies = (
			);
			name = QHalfFaceMakeup;
			productName = QHalfFaceMakeup;
			productReference = 34F9D92B202404B100950701 /* QHalfFaceMakeup.app */;
			productType = "com.apple.product-type.application";
		};
/* End PBXNativeTarget section */

/* Begin PBXProject section */
		34F9D923202404B100950701 /* Project object */ = {
			isa = PBXProject;
			attributes = {
				LastSwiftUpdateCheck = 0920;
				LastUpgradeCheck = 0930;
				ORGANIZATIONNAME = qyfeng;
				TargetAttributes = {
					34F9D92A202404B100950701 = {
						CreatedOnToolsVersion = 9.2;
						ProvisioningStyle = Automatic;
					};
				};
			};
			buildConfigurationList = 34F9D926202404B100950701 /* Build configuration list for PBXProject "QHalfFaceMakeup" */;
			compatibilityVersion = "Xcode 8.0";
			developmentRegion = en;
			hasScannedForEncodings = 0;
			knownRegions = (
				en,
				Base,
			);
			mainGroup = 34F9D922202404B000950701;
			productRefGroup = 34F9D92C202404B100950701 /* Products */;
			projectDirPath = "";
			projectRoot = "";
			targets = (
				34F9D92A202404B100950701 /* QHalfFaceMakeup */,
			);
		};
/* End PBXProject section */

/* Begin PBXResourcesBuildPhase section */
		34F9D929202404B100950701 /* Resources */ = {
			isa = PBXResourcesBuildPhase;
			buildActionMask = 2147483647;
			files = (
				3410EF9020255AE1009AE9D1 /* down_arrow@2x.png in Resources */,
				34F9D939202404B100950701 /* LaunchScreen.storyboard in Resources */,
				34F9D936202404B100950701 /* Assets.xcassets in Resources */,
				34F9D934202404B100950701 /* Main.storyboard in Resources */,
				3410EF8E20255AE1009AE9D1 /* down_arrow.png in Resources */,
				3410EF8F20255AE1009AE9D1 /* down_arrow@3x.png in Resources */,
			);
			runOnlyForDeploymentPostprocessing = 0;
		};
/* End PBXResourcesBuildPhase section */

/* Begin PBXSourcesBuildPhase section */
		34F9D927202404B100950701 /* Sources */ = {
			isa = PBXSourcesBuildPhase;
			buildActionMask = 2147483647;
			files = (
				34F9D931202404B100950701 /* ViewController.swift in Sources */,
				34F9D92F202404B100950701 /* AppDelegate.swift in Sources */,
				34F9D9412024050700950701 /* QHalfFaceMakeup.swift in Sources */,
			);
			runOnlyForDeploymentPostprocessing = 0;
		};
/* End PBXSourcesBuildPhase section */

/* Begin PBXVariantGroup section */
		34F9D932202404B100950701 /* Main.storyboard */ = {
			isa = PBXVariantGroup;
			children = (
				34F9D933202404B100950701 /* Base */,
			);
			name = Main.storyboard;
			sourceTree = "<group>";
		};
		34F9D937202404B100950701 /* LaunchScreen.storyboard */ = {
			isa = PBXVariantGroup;
			children = (
				34F9D938202404B100950701 /* Base */,
			);
			name = LaunchScreen.storyboard;
			sourceTree = "<group>";
		};
/* End PBXVariantGroup section */

/* Begin XCBuildConfiguration section */
		34F9D93B202404B100950701 /* Debug */ = {
			isa = XCBuildConfiguration;
			buildSettings = {
				ALWAYS_SEARCH_USER_PATHS = NO;
				CLANG_ANALYZER_NONNULL = YES;
				CLANG_ANALYZER_NUMBER_OBJECT_CONVERSION = YES_AGGRESSIVE;
				CLANG_CXX_LANGUAGE_STANDARD = "gnu++14";
				CLANG_CXX_LIBRARY = "libc++";
				CLANG_ENABLE_MODULES = YES;
				CLANG_ENABLE_OBJC_ARC = YES;
				CLANG_WARN_BLOCK_CAPTURE_AUTORELEASING = YES;
				CLANG_WARN_BOOL_CONVERSION = YES;
				CLANG_WARN_COMMA = YES;
				CLANG_WARN_CONSTANT_CONVERSION = YES;
				CLANG_WARN_DEPRECATED_OBJC_IMPLEMENTATIONS = YES;
				CLANG_WARN_DIRECT_OBJC_ISA_USAGE = YES_ERROR;
				CLANG_WARN_DOCUMENTATION_COMMENTS = YES;
				CLANG_WARN_EMPTY_BODY = YES;
				CLANG_WARN_ENUM_CONVERSION = YES;
				CLANG_WARN_INFINITE_RECURSION = YES;
				CLANG_WARN_INT_CONVERSION = YES;
				CLANG_WARN_NON_LITERAL_NULL_CONVERSION = YES;
				CLANG_WARN_OBJC_IMPLICIT_RETAIN_SELF = YES;
				CLANG_WARN_OBJC_LITERAL_CONVERSION = YES;
				CLANG_WARN_OBJC_ROOT_CLASS = YES_ERROR;
				CLANG_WARN_RANGE_LOOP_ANALYSIS = YES;
				CLANG_WARN_STRICT_PROTOTYPES = YES;
				CLANG_WARN_SUSPICIOUS_MOVE = YES;
				CLANG_WARN_UNGUARDED_AVAILABILITY = YES_AGGRESSIVE;
				CLANG_WARN_UNREACHABLE_CODE = YES;
				CLANG_WARN__DUPLICATE_METHOD_MATCH = YES;
				CODE_SIGN_IDENTITY = "iPhone Developer";
				COPY_PHASE_STRIP = NO;
				DEBUG_INFORMATION_FORMAT = dwarf;
				ENABLE_STRICT_OBJC_MSGSEND = YES;
				ENABLE_TESTABILITY = YES;
				GCC_C_LANGUAGE_STANDARD = gnu11;
				GCC_DYNAMIC_NO_PIC = NO;
				GCC_NO_COMMON_BLOCKS = YES;
				GCC_OPTIMIZATION_LEVEL = 0;
				GCC_PREPROCESSOR_DEFINITIONS = (
					"DEBUG=1",
					"$(inherited)",
				);
				GCC_WARN_64_TO_32_BIT_CONVERSION = YES;
				GCC_WARN_ABOUT_RETURN_TYPE = YES_ERROR;
				GCC_WARN_UNDECLARED_SELECTOR = YES;
				GCC_WARN_UNINITIALIZED_AUTOS = YES_AGGRESSIVE;
				GCC_WARN_UNUSED_FUNCTION = YES;
				GCC_WARN_UNUSED_VARIABLE = YES;
				IPHONEOS_DEPLOYMENT_TARGET = 11.2;
				MTL_ENABLE_DEBUG_INFO = YES;
				ONLY_ACTIVE_ARCH = YES;
				SDKROOT = iphoneos;
				SWIFT_ACTIVE_COMPILATION_CONDITIONS = DEBUG;
				SWIFT_OPTIMIZATION_LEVEL = "-Onone";
			};
			name = Debug;
		};
		34F9D93C202404B100950701 /* Release */ = {
			isa = XCBuildConfiguration;
			buildSettings = {
				ALWAYS_SEARCH_USER_PATHS = NO;
				CLANG_ANALYZER_NONNULL = YES;
				CLANG_ANALYZER_NUMBER_OBJECT_CONVERSION = YES_AGGRESSIVE;
				CLANG_CXX_LANGUAGE_STANDARD = "gnu++14";
				CLANG_CXX_LIBRARY = "libc++";
				CLANG_ENABLE_MODULES = YES;
				CLANG_ENABLE_OBJC_ARC = YES;
				CLANG_WARN_BLOCK_CAPTURE_AUTORELEASING = YES;
				CLANG_WARN_BOOL_CONVERSION = YES;
				CLANG_WARN_COMMA = YES;
				CLANG_WARN_CONSTANT_CONVERSION = YES;
				CLANG_WARN_DEPRECATED_OBJC_IMPLEMENTATIONS = YES;
				CLANG_WARN_DIRECT_OBJC_ISA_USAGE = YES_ERROR;
				CLANG_WARN_DOCUMENTATION_COMMENTS = YES;
				CLANG_WARN_EMPTY_BODY = YES;
				CLANG_WARN_ENUM_CONVERSION = YES;
				CLANG_WARN_INFINITE_RECURSION = YES;
				CLANG_WARN_INT_CONVERSION = YES;
				CLANG_WARN_NON_LITERAL_NULL_CONVERSION = YES;
				CLANG_WARN_OBJC_IMPLICIT_RETAIN_SELF = YES;
				CLANG_WARN_OBJC_LITERAL_CONVERSION = YES;
				CLANG_WARN_OBJC_ROOT_CLASS = YES_ERROR;
				CLANG_WARN_RANGE_LOOP_ANALYSIS = YES;
				CLANG_WARN_STRICT_PROTOTYPES = YES;
				CLANG_WARN_SUSPICIOUS_MOVE = YES;
				CLANG_WARN_UNGUARDED_AVAILABILITY = YES_AGGRESSIVE;
				CLANG_WARN_UNREACHABLE_CODE = YES;
				CLANG_WARN__DUPLICATE_METHOD_MATCH = YES;
				CODE_SIGN_IDENTITY = "iPhone Developer";
				COPY_PHASE_STRIP = NO;
				DEBUG_INFORMATION_FORMAT = "dwarf-with-dsym";
				ENABLE_NS_ASSERTIONS = NO;
				ENABLE_STRICT_OBJC_MSGSEND = YES;
				GCC_C_LANGUAGE_STANDARD = gnu11;
				GCC_NO_COMMON_BLOCKS = YES;
				GCC_WARN_64_TO_32_BIT_CONVERSION = YES;
				GCC_WARN_ABOUT_RETURN_TYPE = YES_ERROR;
				GCC_WARN_UNDECLARED_SELECTOR = YES;
				GCC_WARN_UNINITIALIZED_AUTOS = YES_AGGRESSIVE;
				GCC_WARN_UNUSED_FUNCTION = YES;
				GCC_WARN_UNUSED_VARIABLE = YES;
				IPHONEOS_DEPLOYMENT_TARGET = 11.2;
				MTL_ENABLE_DEBUG_INFO = NO;
				SDKROOT = iphoneos;
				SWIFT_OPTIMIZATION_LEVEL = "-Owholemodule";
				VALIDATE_PRODUCT = YES;
			};
			name = Release;
		};
		34F9D93E202404B100950701 /* Debug */ = {
			isa = XCBuildConfiguration;
			buildSettings = {
				ASSETCATALOG_COMPILER_APPICON_NAME = AppIcon;
				CODE_SIGN_STYLE = Automatic;
				DEVELOPMENT_TEAM = BTZV6XZKY7;
				INFOPLIST_FILE = QHalfFaceMakeup/Info.plist;
				LD_RUNPATH_SEARCH_PATHS = "$(inherited) @executable_path/Frameworks";
				PRODUCT_BUNDLE_IDENTIFIER = qyfeng.QHalfFaceMakeup;
				PRODUCT_NAME = "$(TARGET_NAME)";
				SWIFT_VERSION = 4.0;
				TARGETED_DEVICE_FAMILY = "1,2";
			};
			name = Debug;
		};
		34F9D93F202404B100950701 /* Release */ = {
			isa = XCBuildConfiguration;
			buildSettings = {
				ASSETCATALOG_COMPILER_APPICON_NAME = AppIcon;
				CODE_SIGN_STYLE = Automatic;
				DEVELOPMENT_TEAM = BTZV6XZKY7;
				INFOPLIST_FILE = QHalfFaceMakeup/Info.plist;
				LD_RUNPATH_SEARCH_PATHS = "$(inherited) @executable_path/Frameworks";
				PRODUCT_BUNDLE_IDENTIFIER = qyfeng.QHalfFaceMakeup;
				PRODUCT_NAME = "$(TARGET_NAME)";
				SWIFT_VERSION = 4.0;
				TARGETED_DEVICE_FAMILY = "1,2";
			};
			name = Release;
		};
/* End XCBuildConfiguration section */

/* Begin XCConfigurationList section */
		34F9D926202404B100950701 /* Build configuration list for PBXProject "QHalfFaceMakeup" */ = {
			isa = XCConfigurationList;
			buildConfigurations = (
				34F9D93B202404B100950701 /* Debug */,
				34F9D93C202404B100950701 /* Release */,
			);
			defaultConfigurationIsVisible = 0;
			defaultConfigurationName = Release;
		};
		34F9D93D202404B100950701 /* Build configuration list for PBXNativeTarget "QHalfFaceMakeup" */ = {
			isa = XCConfigurationList;
			buildConfigurations = (
				34F9D93E202404B100950701 /* Debug */,
				34F9D93F202404B100950701 /* Release */,
			);
			defaultConfigurationIsVisible = 0;
			defaultConfigurationName = Release;
		};
/* End XCConfigurationList section */
	};
	rootObject = 34F9D923202404B100950701 /* Project object */;
}
